
Microsoft Visual Studio Solution File, Format Version 12.00
# Visual Studio 15
VisualStudioVersion = 15.0.28307.421
MinimumVisualStudioVersion = 10.0.40219.1
Project("{E24C65DC-7377-472B-9ABA-BC803B73C61A}") = "ExSite", "ExSite\", "{D6545B24-EA4E-4DE4-AFC8-854F8C1BF7C7}"
	ProjectSection(WebsiteProperties) = preProject
		TargetFrameworkMoniker = ".NETFramework,Version%3Dv4.6.1"
		Debug.AspNetCompiler.VirtualPath = "/localhost_6388"
		Debug.AspNetCompiler.PhysicalPath = "ExSite\"
		Debug.AspNetCompiler.TargetPath = "PrecompiledWeb\localhost_6388\"
		Debug.AspNetCompiler.Updateable = "true"
		Debug.AspNetCompiler.ForceOverwrite = "true"
		Debug.AspNetCompiler.FixedNames = "false"
		Debug.AspNetCompiler.Debug = "True"
		Release.AspNetCompiler.VirtualPath = "/localhost_6388"
		Release.AspNetCompiler.PhysicalPath = "ExSite\"
		Release.AspNetCompiler.TargetPath = "PrecompiledWeb\localhost_6388\"
		Release.AspNetCompiler.Updateable = "true"
		Release.AspNetCompiler.ForceOverwrite = "true"
		Release.AspNetCompiler.FixedNames = "false"
		Release.AspNetCompiler.Debug = "False"
		VWDPort = "6388"
		SlnRelativePath = "ExSite\"
		DefaultWebSiteLanguage = "Visual C#"
	EndProjectSection
EndProject
Project("{E24C65DC-7377-472B-9ABA-BC803B73C61A}") = "Ex7LinqSqlsite", "Ex7LinqSqlsite\", "{3E0975D6-785A-4B6D-AE46-108644959F1E}"
	ProjectSection(WebsiteProperties) = preProject
		TargetFrameworkMoniker = ".NETFramework,Version%3Dv4.6.1"
		Debug.AspNetCompiler.VirtualPath = "/localhost_2467"
		Debug.AspNetCompiler.PhysicalPath = "Ex7LinqSqlsite\"
		Debug.AspNetCompiler.TargetPath = "PrecompiledWeb\localhost_2467\"
		Debug.AspNetCompiler.Updateable = "true"
		Debug.AspNetCompiler.ForceOverwrite = "true"
		Debug.AspNetCompiler.FixedNames = "false"
		Debug.AspNetCompiler.Debug = "True"
		Release.AspNetCompiler.VirtualPath = "/localhost_2467"
		Release.AspNetCompiler.PhysicalPath = "Ex7LinqSqlsite\"
		Release.AspNetCompiler.TargetPath = "PrecompiledWeb\localhost_2467\"
		Release.AspNetCompiler.Updateable = "true"
		Release.AspNetCompiler.ForceOverwrite = "true"
		Release.AspNetCompiler.FixedNames = "false"
		Release.AspNetCompiler.Debug = "False"
		VWDPort = "2467"
		SlnRelativePath = "Ex7LinqSqlsite\"
		DefaultWebSiteLanguage = "Visual C#"
	EndProjectSection
EndProject
Project("{E24C65DC-7377-472B-9ABA-BC803B73C61A}") = "Ex6ChatSite", "Ex6ChatSite\", "{B5140AD9-9A57-4F33-9B42-1CA3AAFB2B27}"
	ProjectSection(WebsiteProperties) = preProject
		TargetFrameworkMoniker = ".NETFramework,Version%3Dv4.6.1"
		Debug.AspNetCompiler.VirtualPath = "/localhost_2739"
		Debug.AspNetCompiler.PhysicalPath = "Ex6ChatSite\"
		Debug.AspNetCompiler.TargetPath = "PrecompiledWeb\localhost_2739\"
		Debug.AspNetCompiler.Updateable = "true"
		Debug.AspNetCompiler.ForceOverwrite = "true"
		Debug.AspNetCompiler.FixedNames = "false"
		Debug.AspNetCompiler.Debug = "True"
		Release.AspNetCompiler.VirtualPath = "/localhost_2739"
		Release.AspNetCompiler.PhysicalPath = "Ex6ChatSite\"
		Release.AspNetCompiler.TargetPath = "PrecompiledWeb\localhost_2739\"
		Release.AspNetCompiler.Updateable = "true"
		Release.AspNetCompiler.ForceOverwrite = "true"
		Release.AspNetCompiler.FixedNames = "false"
		Release.AspNetCompiler.Debug = "False"
		VWDPort = "2739"
		SlnRelativePath = "Ex6ChatSite\"
		DefaultWebSiteLanguage = "Visual C#"
	EndProjectSection
EndProject
Project("{E24C65DC-7377-472B-9ABA-BC803B73C61A}") = "Ex6CartSite", "Ex6CartSite\", "{AA548EC9-16AE-43C2-9F33-8C2AEAF9B8CB}"
	ProjectSection(WebsiteProperties) = preProject
		TargetFrameworkMoniker = ".NETFramework,Version%3Dv4.6.1"
		Debug.AspNetCompiler.VirtualPath = "/localhost_3213"
		Debug.AspNetCompiler.PhysicalPath = "Ex6CartSite\"
		Debug.AspNetCompiler.TargetPath = "PrecompiledWeb\localhost_3213\"
		Debug.AspNetCompiler.Updateable = "true"
		Debug.AspNetCompiler.ForceOverwrite = "true"
		Debug.AspNetCompiler.FixedNames = "false"
		Debug.AspNetCompiler.Debug = "True"
		Release.AspNetCompiler.VirtualPath = "/localhost_3213"
		Release.AspNetCompiler.PhysicalPath = "Ex6CartSite\"
		Release.AspNetCompiler.TargetPath = "PrecompiledWeb\localhost_3213\"
		Release.AspNetCompiler.Updateable = "true"
		Release.AspNetCompiler.ForceOverwrite = "true"
		Release.AspNetCompiler.FixedNames = "false"
		Release.AspNetCompiler.Debug = "False"
		VWDPort = "3213"
		SlnRelativePath = "Ex6CartSite\"
		DefaultWebSiteLanguage = "Visual C#"
	EndProjectSection
EndProject
Project("{E24C65DC-7377-472B-9ABA-BC803B73C61A}") = "Ex7LinqXmlSite", "Ex7LinqXmlSite\", "{893D3900-2B05-42C8-8749-58DC1EA29F2D}"
	ProjectSection(WebsiteProperties) = preProject
		TargetFrameworkMoniker = ".NETFramework,Version%3Dv4.6.1"
		Debug.AspNetCompiler.VirtualPath = "/localhost_3731"
		Debug.AspNetCompiler.PhysicalPath = "Ex7LinqXmlSite\"
		Debug.AspNetCompiler.TargetPath = "PrecompiledWeb\localhost_3731\"
		Debug.AspNetCompiler.Updateable = "true"
		Debug.AspNetCompiler.ForceOverwrite = "true"
		Debug.AspNetCompiler.FixedNames = "false"
		Debug.AspNetCompiler.Debug = "True"
		Release.AspNetCompiler.VirtualPath = "/localhost_3731"
		Release.AspNetCompiler.PhysicalPath = "Ex7LinqXmlSite\"
		Release.AspNetCompiler.TargetPath = "PrecompiledWeb\localhost_3731\"
		Release.AspNetCompiler.Updateable = "true"
		Release.AspNetCompiler.ForceOverwrite = "true"
		Release.AspNetCompiler.FixedNames = "false"
		Release.AspNetCompiler.Debug = "False"
		VWDPort = "3731"
		SlnRelativePath = "Ex7LinqXmlSite\"
		DefaultWebSiteLanguage = "Visual C#"
	EndProjectSection
EndProject
Project("{E24C65DC-7377-472B-9ABA-BC803B73C61A}") = "Ex8Site", "Ex8Site\", "{CA0F7272-AC27-4D63-B76E-B8415B0F1748}"
	ProjectSection(WebsiteProperties) = preProject
		TargetFrameworkMoniker = ".NETFramework,Version%3Dv4.6.1"
		Debug.AspNetCompiler.VirtualPath = "/localhost_8040"
		Debug.AspNetCompiler.PhysicalPath = "Ex8Site\"
		Debug.AspNetCompiler.TargetPath = "PrecompiledWeb\localhost_8040\"
		Debug.AspNetCompiler.Updateable = "true"
		Debug.AspNetCompiler.ForceOverwrite = "true"
		Debug.AspNetCompiler.FixedNames = "false"
		Debug.AspNetCompiler.Debug = "True"
		Release.AspNetCompiler.VirtualPath = "/localhost_8040"
		Release.AspNetCompiler.PhysicalPath = "Ex8Site\"
		Release.AspNetCompiler.TargetPath = "PrecompiledWeb\localhost_8040\"
		Release.AspNetCompiler.Updateable = "true"
		Release.AspNetCompiler.ForceOverwrite = "true"
		Release.AspNetCompiler.FixedNames = "false"
		Release.AspNetCompiler.Debug = "False"
		VWDPort = "8040"
		SlnRelativePath = "Ex8Site\"
		DefaultWebSiteLanguage = "Visual C#"
	EndProjectSection
EndProject
Global
	GlobalSection(SolutionConfigurationPlatforms) = preSolution
		Debug|Any CPU = Debug|Any CPU
	EndGlobalSection
	GlobalSection(ProjectConfigurationPlatforms) = postSolution
		{D6545B24-EA4E-4DE4-AFC8-854F8C1BF7C7}.Debug|Any CPU.ActiveCfg = Debug|Any CPU
		{D6545B24-EA4E-4DE4-AFC8-854F8C1BF7C7}.Debug|Any CPU.Build.0 = Debug|Any CPU
		{3E0975D6-785A-4B6D-AE46-108644959F1E}.Debug|Any CPU.ActiveCfg = Debug|Any CPU
		{3E0975D6-785A-4B6D-AE46-108644959F1E}.Debug|Any CPU.Build.0 = Debug|Any CPU
		{B5140AD9-9A57-4F33-9B42-1CA3AAFB2B27}.Debug|Any CPU.ActiveCfg = Debug|Any CPU
		{B5140AD9-9A57-4F33-9B42-1CA3AAFB2B27}.Debug|Any CPU.Build.0 = Debug|Any CPU
		{AA548EC9-16AE-43C2-9F33-8C2AEAF9B8CB}.Debug|Any CPU.ActiveCfg = Debug|Any CPU
		{AA548EC9-16AE-43C2-9F33-8C2AEAF9B8CB}.Debug|Any CPU.Build.0 = Debug|Any CPU
		{893D3900-2B05-42C8-8749-58DC1EA29F2D}.Debug|Any CPU.ActiveCfg = Debug|Any CPU
		{893D3900-2B05-42C8-8749-58DC1EA29F2D}.Debug|Any CPU.Build.0 = Debug|Any CPU
		{CA0F7272-AC27-4D63-B76E-B8415B0F1748}.Debug|Any CPU.ActiveCfg = Debug|Any CPU
		{CA0F7272-AC27-4D63-B76E-B8415B0F1748}.Debug|Any CPU.Build.0 = Debug|Any CPU
	EndGlobalSection
	GlobalSection(SolutionProperties) = preSolution
		HideSolutionNode = FALSE
	EndGlobalSection
	GlobalSection(ExtensibilityGlobals) = postSolution
		SolutionGuid = {52DDBB96-5C56-4B0E-A517-C4142C8579DD}
	EndGlobalSection
EndGlobal
